
Microsoft Visual Studio Solution File, Format Version 12.00
# Visual Studio Version 17
VisualStudioVersion = 17.3.32901.215
MinimumVisualStudioVersion = 10.0.40219.1
Project("{FAE04EC0-301F-11D3-BF4B-00C04F79EFBC}") = "Activity3", "Activity3.csproj", "{29FA58F9-E33C-4318-9ACB-AE0AF1A1C774}"
EndProject
Global
	GlobalSection(SolutionConfigurationPlatforms) = preSolution
		Debug|Any CPU = Debug|Any CPU
		Release|Any CPU = Release|Any CPU
	EndGlobalSection
	GlobalSection(ProjectConfigurationPlatforms) = postSolution
		{29FA58F9-E33C-4318-9ACB-AE0AF1A1C774}.Debug|Any CPU.ActiveCfg = Debug|Any CPU
		{29FA58F9-E33C-4318-9ACB-AE0AF1A1C774}.Debug|Any CPU.Build.0 = Debug|Any CPU
		{29FA58F9-E33C-4318-9ACB-AE0AF1A1C774}.Release|Any CPU.ActiveCfg = Release|Any CPU
		{29FA58F9-E33C-4318-9ACB-AE0AF1A1C774}.Release|Any CPU.Build.0 = Release|Any CPU
	EndGlobalSection
	GlobalSection(SolutionProperties) = preSolution
		HideSolutionNode = FALSE
	EndGlobalSection
	GlobalSection(ExtensibilityGlobals) = postSolution
		SolutionGuid = {EF833BB0-F0CA-42E4-B036-4B8761BB7926}
	EndGlobalSection
EndGlobal
